
Microsoft Visual Studio Solution File, Format Version 12.00
# Visual Studio Version 16
VisualStudioVersion = 16.0.32602.290
MinimumVisualStudioVersion = 10.0.40219.1
Project("{FAE04EC0-301F-11D3-BF4B-00C04F79EFBC}") = "Compliance_Register", "Compliance_Register\Compliance_Register.csproj", "{6ED4B15D-9702-4F77-9504-15BF282ED977}"
EndProject
Global
	GlobalSection(SolutionConfigurationPlatforms) = preSolution
		Debug|Any CPU = Debug|Any CPU
		Release|Any CPU = Release|Any CPU
	EndGlobalSection
	GlobalSection(ProjectConfigurationPlatforms) = postSolution
		{6ED4B15D-9702-4F77-9504-15BF282ED977}.Debug|Any CPU.ActiveCfg = Debug|Any CPU
		{6ED4B15D-9702-4F77-9504-15BF282ED977}.Debug|Any CPU.Build.0 = Debug|Any CPU
		{6ED4B15D-9702-4F77-9504-15BF282ED977}.Release|Any CPU.ActiveCfg = Release|Any CPU
		{6ED4B15D-9702-4F77-9504-15BF282ED977}.Release|Any CPU.Build.0 = Release|Any CPU
	EndGlobalSection
	GlobalSection(SolutionProperties) = preSolution
		HideSolutionNode = FALSE
	EndGlobalSection
	GlobalSection(ExtensibilityGlobals) = postSolution
		SolutionGuid = {94B8AFB6-2C36-48FB-BD29-AAA26E2A2448}
	EndGlobalSection
EndGlobal
