
Microsoft Visual Studio Solution File, Format Version 12.00
# Visual Studio Version 16
VisualStudioVersion = 16.0.32407.337
MinimumVisualStudioVersion = 10.0.40219.1
Project("{FAE04EC0-301F-11D3-BF4B-00C04F79EFBC}") = "WindowsServiceExpiryVdply", "WindowsServiceExpiryVdply.csproj", "{60699AF2-5219-486B-98A5-FA5787876BE6}"
EndProject
Global
	GlobalSection(SolutionConfigurationPlatforms) = preSolution
		Debug|Any CPU = Debug|Any CPU
		Release|Any CPU = Release|Any CPU
	EndGlobalSection
	GlobalSection(ProjectConfigurationPlatforms) = postSolution
		{60699AF2-5219-486B-98A5-FA5787876BE6}.Debug|Any CPU.ActiveCfg = Debug|Any CPU
		{60699AF2-5219-486B-98A5-FA5787876BE6}.Debug|Any CPU.Build.0 = Debug|Any CPU
		{60699AF2-5219-486B-98A5-FA5787876BE6}.Release|Any CPU.ActiveCfg = Release|Any CPU
		{60699AF2-5219-486B-98A5-FA5787876BE6}.Release|Any CPU.Build.0 = Release|Any CPU
	EndGlobalSection
	GlobalSection(SolutionProperties) = preSolution
		HideSolutionNode = FALSE
	EndGlobalSection
	GlobalSection(ExtensibilityGlobals) = postSolution
		SolutionGuid = {D5AAEA4E-1F19-4811-9139-2EBCCAA0C3D3}
	EndGlobalSection
EndGlobal
