
Microsoft Visual Studio Solution File, Format Version 12.00
# Visual Studio Version 16
VisualStudioVersion = 16.0.32407.337
MinimumVisualStudioVersion = 10.0.40219.1
Project("{FAE04EC0-301F-11D3-BF4B-00C04F79EFBC}") = "WindowsServiceExpiryAlert_Knjy", "WindowsServiceExpiryAlert_Knjy.csproj", "{AB477EF7-0819-48FC-B2C0-A9B4BAC07FD7}"
EndProject
Global
	GlobalSection(SolutionConfigurationPlatforms) = preSolution
		Debug|Any CPU = Debug|Any CPU
		Release|Any CPU = Release|Any CPU
	EndGlobalSection
	GlobalSection(ProjectConfigurationPlatforms) = postSolution
		{AB477EF7-0819-48FC-B2C0-A9B4BAC07FD7}.Debug|Any CPU.ActiveCfg = Debug|Any CPU
		{AB477EF7-0819-48FC-B2C0-A9B4BAC07FD7}.Debug|Any CPU.Build.0 = Debug|Any CPU
		{AB477EF7-0819-48FC-B2C0-A9B4BAC07FD7}.Release|Any CPU.ActiveCfg = Release|Any CPU
		{AB477EF7-0819-48FC-B2C0-A9B4BAC07FD7}.Release|Any CPU.Build.0 = Release|Any CPU
	EndGlobalSection
	GlobalSection(SolutionProperties) = preSolution
		HideSolutionNode = FALSE
	EndGlobalSection
	GlobalSection(ExtensibilityGlobals) = postSolution
		SolutionGuid = {06E513F5-626C-41C5-93F7-05CA1D207CB6}
	EndGlobalSection
EndGlobal
