
Microsoft Visual Studio Solution File, Format Version 12.00
# Visual Studio Version 16
VisualStudioVersion = 16.0.32407.337
MinimumVisualStudioVersion = 10.0.40219.1
Project("{FAE04EC0-301F-11D3-BF4B-00C04F79EFBC}") = "WindowsService_ExpiryAlert_Ktr", "WindowsService_ExpiryAlert_Ktr.csproj", "{B4C07216-826F-4049-A163-AC74998F4624}"
EndProject
Global
	GlobalSection(SolutionConfigurationPlatforms) = preSolution
		Debug|Any CPU = Debug|Any CPU
		Release|Any CPU = Release|Any CPU
	EndGlobalSection
	GlobalSection(ProjectConfigurationPlatforms) = postSolution
		{B4C07216-826F-4049-A163-AC74998F4624}.Debug|Any CPU.ActiveCfg = Debug|Any CPU
		{B4C07216-826F-4049-A163-AC74998F4624}.Debug|Any CPU.Build.0 = Debug|Any CPU
		{B4C07216-826F-4049-A163-AC74998F4624}.Release|Any CPU.ActiveCfg = Release|Any CPU
		{B4C07216-826F-4049-A163-AC74998F4624}.Release|Any CPU.Build.0 = Release|Any CPU
	EndGlobalSection
	GlobalSection(SolutionProperties) = preSolution
		HideSolutionNode = FALSE
	EndGlobalSection
	GlobalSection(ExtensibilityGlobals) = postSolution
		SolutionGuid = {DCC93984-6F2A-4326-BDF8-72AB24D77947}
	EndGlobalSection
EndGlobal
