
Microsoft Visual Studio Solution File, Format Version 12.00
# Visual Studio Version 16
VisualStudioVersion = 16.0.32407.337
MinimumVisualStudioVersion = 10.0.40219.1
Project("{FAE04EC0-301F-11D3-BF4B-00C04F79EFBC}") = "WindowsService_ExpiryAlert_Vlpd", "WindowsService_ExpiryAlert_Vlpd.csproj", "{0408C06F-7DA3-4562-B875-8716F2CF8902}"
EndProject
Global
	GlobalSection(SolutionConfigurationPlatforms) = preSolution
		Debug|Any CPU = Debug|Any CPU
		Release|Any CPU = Release|Any CPU
	EndGlobalSection
	GlobalSection(ProjectConfigurationPlatforms) = postSolution
		{0408C06F-7DA3-4562-B875-8716F2CF8902}.Debug|Any CPU.ActiveCfg = Debug|Any CPU
		{0408C06F-7DA3-4562-B875-8716F2CF8902}.Debug|Any CPU.Build.0 = Debug|Any CPU
		{0408C06F-7DA3-4562-B875-8716F2CF8902}.Release|Any CPU.ActiveCfg = Release|Any CPU
		{0408C06F-7DA3-4562-B875-8716F2CF8902}.Release|Any CPU.Build.0 = Release|Any CPU
	EndGlobalSection
	GlobalSection(SolutionProperties) = preSolution
		HideSolutionNode = FALSE
	EndGlobalSection
	GlobalSection(ExtensibilityGlobals) = postSolution
		SolutionGuid = {0F7F8083-3CED-489D-8878-9100D41E516E}
	EndGlobalSection
EndGlobal
