
Microsoft Visual Studio Solution File, Format Version 12.00
# Visual Studio Version 16
VisualStudioVersion = 16.0.32602.290
MinimumVisualStudioVersion = 10.0.40219.1
Project("{FAE04EC0-301F-11D3-BF4B-00C04F79EFBC}") = "CRM_Application", "CRM Application\CRM_Application.csproj", "{D7A77A97-3932-43B9-836C-7A56C71F6A24}"
EndProject
Global
	GlobalSection(SolutionConfigurationPlatforms) = preSolution
		Debug|Any CPU = Debug|Any CPU
		Release|Any CPU = Release|Any CPU
	EndGlobalSection
	GlobalSection(ProjectConfigurationPlatforms) = postSolution
		{D7A77A97-3932-43B9-836C-7A56C71F6A24}.Debug|Any CPU.ActiveCfg = Debug|Any CPU
		{D7A77A97-3932-43B9-836C-7A56C71F6A24}.Debug|Any CPU.Build.0 = Debug|Any CPU
		{D7A77A97-3932-43B9-836C-7A56C71F6A24}.Release|Any CPU.ActiveCfg = Release|Any CPU
		{D7A77A97-3932-43B9-836C-7A56C71F6A24}.Release|Any CPU.Build.0 = Release|Any CPU
	EndGlobalSection
	GlobalSection(SolutionProperties) = preSolution
		HideSolutionNode = FALSE
	EndGlobalSection
	GlobalSection(ExtensibilityGlobals) = postSolution
		SolutionGuid = {7A972EAD-800E-4033-BCB7-55359095685D}
	EndGlobalSection
EndGlobal
